
Microsoft Visual Studio Solution File, Format Version 12.00
# Visual Studio Version 17
VisualStudioVersion = 17.11.35327.3
MinimumVisualStudioVersion = 10.0.40219.1
Project("{FAE04EC0-301F-11D3-BF4B-00C04F79EFBC}") = "WinformTodo", "WinformTodo\WinformTodo.csproj", "{73DB12C3-1291-47B0-8B28-2B73DEC0B415}"
EndProject
Global
	GlobalSection(SolutionConfigurationPlatforms) = preSolution
		Debug|Any CPU = Debug|Any CPU
		Release|Any CPU = Release|Any CPU
	EndGlobalSection
	GlobalSection(ProjectConfigurationPlatforms) = postSolution
		{73DB12C3-1291-47B0-8B28-2B73DEC0B415}.Debug|Any CPU.ActiveCfg = Debug|Any CPU
		{73DB12C3-1291-47B0-8B28-2B73DEC0B415}.Debug|Any CPU.Build.0 = Debug|Any CPU
		{73DB12C3-1291-47B0-8B28-2B73DEC0B415}.Release|Any CPU.ActiveCfg = Release|Any CPU
		{73DB12C3-1291-47B0-8B28-2B73DEC0B415}.Release|Any CPU.Build.0 = Release|Any CPU
	EndGlobalSection
	GlobalSection(SolutionProperties) = preSolution
		HideSolutionNode = FALSE
	EndGlobalSection
	GlobalSection(ExtensibilityGlobals) = postSolution
		SolutionGuid = {D3895981-D78E-42FE-A971-504FC957D562}
	EndGlobalSection
EndGlobal
